
Microsoft Visual Studio Solution File, Format Version 12.00
# Visual Studio Version 17
VisualStudioVersion = 17.4.33103.184
MinimumVisualStudioVersion = 10.0.40219.1
Project("{8BC9CEB8-8B4A-11D0-8D11-00A0C91BC942}") = "strassen", "strassen\strassen.vcxproj", "{1AE7BB05-9B5D-4042-AB4B-B7DA6F7B70D5}"
EndProject
Global
	GlobalSection(SolutionConfigurationPlatforms) = preSolution
		Debug|x64 = Debug|x64
		Debug|x86 = Debug|x86
		Release|x64 = Release|x64
		Release|x86 = Release|x86
	EndGlobalSection
	GlobalSection(ProjectConfigurationPlatforms) = postSolution
		{1AE7BB05-9B5D-4042-AB4B-B7DA6F7B70D5}.Debug|x64.ActiveCfg = Debug|x64
		{1AE7BB05-9B5D-4042-AB4B-B7DA6F7B70D5}.Debug|x64.Build.0 = Debug|x64
		{1AE7BB05-9B5D-4042-AB4B-B7DA6F7B70D5}.Debug|x86.ActiveCfg = Debug|Win32
		{1AE7BB05-9B5D-4042-AB4B-B7DA6F7B70D5}.Debug|x86.Build.0 = Debug|Win32
		{1AE7BB05-9B5D-4042-AB4B-B7DA6F7B70D5}.Release|x64.ActiveCfg = Release|x64
		{1AE7BB05-9B5D-4042-AB4B-B7DA6F7B70D5}.Release|x64.Build.0 = Release|x64
		{1AE7BB05-9B5D-4042-AB4B-B7DA6F7B70D5}.Release|x86.ActiveCfg = Release|Win32
		{1AE7BB05-9B5D-4042-AB4B-B7DA6F7B70D5}.Release|x86.Build.0 = Release|Win32
	EndGlobalSection
	GlobalSection(SolutionProperties) = preSolution
		HideSolutionNode = FALSE
	EndGlobalSection
	GlobalSection(ExtensibilityGlobals) = postSolution
		SolutionGuid = {950274D4-536E-43F3-BABA-823CCBCC1360}
	EndGlobalSection
EndGlobal
